
Microsoft Visual Studio Solution File, Format Version 12.00
# Visual Studio Version 16
VisualStudioVersion = 16.0.31005.135
MinimumVisualStudioVersion = 10.0.40219.1
Project("{9A19103F-16F7-4668-BE54-9A1E7A4F7556}") = "Web", "Web\Web.csproj", "{502C3D05-C0CB-420E-9922-B47C284A3029}"
EndProject
Project("{9A19103F-16F7-4668-BE54-9A1E7A4F7556}") = "Service", "Service\Service.csproj", "{7C7D577C-3937-4419-80B5-68B8081FCCD0}"
EndProject
Project("{9A19103F-16F7-4668-BE54-9A1E7A4F7556}") = "Repository", "Repository\Repository.csproj", "{56C02461-D5A4-4FCB-95E8-92849F8F85CB}"
EndProject
Project("{9A19103F-16F7-4668-BE54-9A1E7A4F7556}") = "Domain", "Domain\Domain.csproj", "{D26C2C62-8A37-42DA-9CB3-FAE01DAFB340}"
EndProject
Project("{2150E333-8FDC-42A3-9474-1A3956D46DE8}") = "Solution Itens", "Solution Itens", "{D7373059-0D47-4CDC-91E9-F044CF79AFC0}"
	ProjectSection(SolutionItems) = preProject
		.gitignore = .gitignore
		Readme.md = Readme.md
	EndProjectSection
EndProject
Project("{FAE04EC0-301F-11D3-BF4B-00C04F79EFBC}") = "Database", "Database\Database.csproj", "{EA4E75C6-4700-408E-8E47-36457DCC524A}"
EndProject
Global
	GlobalSection(SolutionConfigurationPlatforms) = preSolution
		Debug|Any CPU = Debug|Any CPU
		Release|Any CPU = Release|Any CPU
	EndGlobalSection
	GlobalSection(ProjectConfigurationPlatforms) = postSolution
		{502C3D05-C0CB-420E-9922-B47C284A3029}.Debug|Any CPU.ActiveCfg = Debug|Any CPU
		{502C3D05-C0CB-420E-9922-B47C284A3029}.Debug|Any CPU.Build.0 = Debug|Any CPU
		{502C3D05-C0CB-420E-9922-B47C284A3029}.Release|Any CPU.ActiveCfg = Release|Any CPU
		{502C3D05-C0CB-420E-9922-B47C284A3029}.Release|Any CPU.Build.0 = Release|Any CPU
		{7C7D577C-3937-4419-80B5-68B8081FCCD0}.Debug|Any CPU.ActiveCfg = Debug|Any CPU
		{7C7D577C-3937-4419-80B5-68B8081FCCD0}.Debug|Any CPU.Build.0 = Debug|Any CPU
		{7C7D577C-3937-4419-80B5-68B8081FCCD0}.Release|Any CPU.ActiveCfg = Release|Any CPU
		{7C7D577C-3937-4419-80B5-68B8081FCCD0}.Release|Any CPU.Build.0 = Release|Any CPU
		{56C02461-D5A4-4FCB-95E8-92849F8F85CB}.Debug|Any CPU.ActiveCfg = Debug|Any CPU
		{56C02461-D5A4-4FCB-95E8-92849F8F85CB}.Debug|Any CPU.Build.0 = Debug|Any CPU
		{56C02461-D5A4-4FCB-95E8-92849F8F85CB}.Release|Any CPU.ActiveCfg = Release|Any CPU
		{56C02461-D5A4-4FCB-95E8-92849F8F85CB}.Release|Any CPU.Build.0 = Release|Any CPU
		{D26C2C62-8A37-42DA-9CB3-FAE01DAFB340}.Debug|Any CPU.ActiveCfg = Debug|Any CPU
		{D26C2C62-8A37-42DA-9CB3-FAE01DAFB340}.Debug|Any CPU.Build.0 = Debug|Any CPU
		{D26C2C62-8A37-42DA-9CB3-FAE01DAFB340}.Release|Any CPU.ActiveCfg = Release|Any CPU
		{D26C2C62-8A37-42DA-9CB3-FAE01DAFB340}.Release|Any CPU.Build.0 = Release|Any CPU
		{EA4E75C6-4700-408E-8E47-36457DCC524A}.Debug|Any CPU.ActiveCfg = Debug|Any CPU
		{EA4E75C6-4700-408E-8E47-36457DCC524A}.Debug|Any CPU.Build.0 = Debug|Any CPU
		{EA4E75C6-4700-408E-8E47-36457DCC524A}.Release|Any CPU.ActiveCfg = Release|Any CPU
		{EA4E75C6-4700-408E-8E47-36457DCC524A}.Release|Any CPU.Build.0 = Release|Any CPU
	EndGlobalSection
	GlobalSection(SolutionProperties) = preSolution
		HideSolutionNode = FALSE
	EndGlobalSection
	GlobalSection(ExtensibilityGlobals) = postSolution
		SolutionGuid = {0900BD3B-D7EC-43B7-8DF7-986563FEA8CC}
	EndGlobalSection
EndGlobal
